// !$*UTF8*$!
{
	archiveVersion = 1;
	classes = {
	};
	objectVersion = 46;
	objects = {

/* Begin PBXBuildFile section */
		19AEDE9B1AA4666A00AED60C /* EaseMob.bundle in Resources */ = {isa = PBXBuildFile; fileRef = 19AEDE9A1AA4666A00AED60C /* EaseMob.bundle */; };
		74BE67A71A9F4AF7008F7C44 /* main.m in Sources */ = {isa = PBXBuildFile; fileRef = 74BE67A61A9F4AF7008F7C44 /* main.m */; };
		74BE67AA1A9F4AF7008F7C44 /* AppDelegate.m in Sources */ = {isa = PBXBuildFile; fileRef = 74BE67A91A9F4AF7008F7C44 /* AppDelegate.m */; };
		74BE67AD1A9F4AF7008F7C44 /* ViewController.m in Sources */ = {isa = PBXBuildFile; fileRef = 74BE67AC1A9F4AF7008F7C44 /* ViewController.m */; };
		74BE67B01A9F4AF7008F7C44 /* Main.storyboard in Resources */ = {isa = PBXBuildFile; fileRef = 74BE67AE1A9F4AF7008F7C44 /* Main.storyboard */; };
		74BE67B21A9F4AF7008F7C44 /* Images.xcassets in Resources */ = {isa = PBXBuildFile; fileRef = 74BE67B11A9F4AF7008F7C44 /* Images.xcassets */; };
		74BE67B51A9F4AF7008F7C44 /* LaunchScreen.xib in Resources */ = {isa = PBXBuildFile; fileRef = 74BE67B31A9F4AF7008F7C44 /* LaunchScreen.xib */; };
		74BE67C11A9F4AF7008F7C44 /* OrangePatientTests.m in Sources */ = {isa = PBXBuildFile; fileRef = 74BE67C01A9F4AF7008F7C44 /* OrangePatientTests.m */; };
/* End PBXBuildFile section */

/* Begin PBXContainerItemProxy section */
		74BE67BB1A9F4AF7008F7C44 /* PBXContainerItemProxy */ = {
			isa = PBXContainerItemProxy;
			containerPortal = 74BE67991A9F4AF7008F7C44 /* Project object */;
			proxyType = 1;
			remoteGlobalIDString = 74BE67A01A9F4AF7008F7C44;
			remoteInfo = OrangePatient;
		};
/* End PBXContainerItemProxy section */

/* Begin PBXFileReference section */
		19AEDE231AA4666A00AED60C /* ICallManagerDelegate.h */ = {isa = PBXFileReference; fileEncoding = 4; lastKnownFileType = sourcecode.c.h; path = ICallManagerDelegate.h; sourceTree = "<group>"; };
		19AEDE251AA4666A00AED60C /* EMCallManagerCallDelegate.h */ = {isa = PBXFileReference; fileEncoding = 4; lastKnownFileType = sourcecode.c.h; path = EMCallManagerCallDelegate.h; sourceTree = "<group>"; };
		19AEDE261AA4666A00AED60C /* EMCallManagerDelegate.h */ = {isa = PBXFileReference; fileEncoding = 4; lastKnownFileType = sourcecode.c.h; path = EMCallManagerDelegate.h; sourceTree = "<group>"; };
		19AEDE271AA4666A00AED60C /* EMCallManagerDelegateBase.h */ = {isa = PBXFileReference; fileEncoding = 4; lastKnownFileType = sourcecode.c.h; path = EMCallManagerDelegateBase.h; sourceTree = "<group>"; };
		19AEDE281AA4666A00AED60C /* EMCallSessionDelegate.h */ = {isa = PBXFileReference; fileEncoding = 4; lastKnownFileType = sourcecode.c.h; path = EMCallSessionDelegate.h; sourceTree = "<group>"; };
		19AEDE291AA4666A00AED60C /* ICallManager.h */ = {isa = PBXFileReference; fileEncoding = 4; lastKnownFileType = sourcecode.c.h; path = ICallManager.h; sourceTree = "<group>"; };
		19AEDE2B1AA4666A00AED60C /* ICallManagerAddressbook.h */ = {isa = PBXFileReference; fileEncoding = 4; lastKnownFileType = sourcecode.c.h; path = ICallManagerAddressbook.h; sourceTree = "<group>"; };
		19AEDE2C1AA4666A00AED60C /* ICallManagerBase.h */ = {isa = PBXFileReference; fileEncoding = 4; lastKnownFileType = sourcecode.c.h; path = ICallManagerBase.h; sourceTree = "<group>"; };
		19AEDE2D1AA4666A00AED60C /* ICallManagerCall.h */ = {isa = PBXFileReference; fileEncoding = 4; lastKnownFileType = sourcecode.c.h; path = ICallManagerCall.h; sourceTree = "<group>"; };
		19AEDE2E1AA4666A00AED60C /* ICallManagerHistory.h */ = {isa = PBXFileReference; fileEncoding = 4; lastKnownFileType = sourcecode.c.h; path = ICallManagerHistory.h; sourceTree = "<group>"; };
		19AEDE2F1AA4666A00AED60C /* ICallManagerUtil.h */ = {isa = PBXFileReference; fileEncoding = 4; lastKnownFileType = sourcecode.c.h; path = ICallManagerUtil.h; sourceTree = "<group>"; };
		19AEDE301AA4666A00AED60C /* ICallSessionStatistics.h */ = {isa = PBXFileReference; fileEncoding = 4; lastKnownFileType = sourcecode.c.h; path = ICallSessionStatistics.h; sourceTree = "<group>"; };
		19AEDE321AA4666A00AED60C /* EMCallInfo.h */ = {isa = PBXFileReference; fileEncoding = 4; lastKnownFileType = sourcecode.c.h; path = EMCallInfo.h; sourceTree = "<group>"; };
		19AEDE331AA4666A00AED60C /* EMCallLog.h */ = {isa = PBXFileReference; fileEncoding = 4; lastKnownFileType = sourcecode.c.h; path = EMCallLog.h; sourceTree = "<group>"; };
		19AEDE341AA4666A00AED60C /* EMCallPeer.h */ = {isa = PBXFileReference; fileEncoding = 4; lastKnownFileType = sourcecode.c.h; path = EMCallPeer.h; sourceTree = "<group>"; };
		19AEDE351AA4666A00AED60C /* EMCallServiceDefs.h */ = {isa = PBXFileReference; fileEncoding = 4; lastKnownFileType = sourcecode.c.h; path = EMCallServiceDefs.h; sourceTree = "<group>"; };
		19AEDE361AA4666A00AED60C /* EMCallSession.h */ = {isa = PBXFileReference; fileEncoding = 4; lastKnownFileType = sourcecode.c.h; path = EMCallSession.h; sourceTree = "<group>"; };
		19AEDE371AA4666A00AED60C /* EMCallSessionStatistics.h */ = {isa = PBXFileReference; fileEncoding = 4; lastKnownFileType = sourcecode.c.h; path = EMCallSessionStatistics.h; sourceTree = "<group>"; };
		19AEDE381AA4666A00AED60C /* IAddressbook.h */ = {isa = PBXFileReference; fileEncoding = 4; lastKnownFileType = sourcecode.c.h; path = IAddressbook.h; sourceTree = "<group>"; };
		19AEDE3C1AA4666A00AED60C /* IChatManagerDelegate.h */ = {isa = PBXFileReference; fileEncoding = 4; lastKnownFileType = sourcecode.c.h; path = IChatManagerDelegate.h; sourceTree = "<group>"; };
		19AEDE3E1AA4666A00AED60C /* EMChatManagerBuddyDelegate.h */ = {isa = PBXFileReference; fileEncoding = 4; lastKnownFileType = sourcecode.c.h; path = EMChatManagerBuddyDelegate.h; sourceTree = "<group>"; };
		19AEDE3F1AA4666A00AED60C /* EMChatManagerChatDelegate.h */ = {isa = PBXFileReference; fileEncoding = 4; lastKnownFileType = sourcecode.c.h; path = EMChatManagerChatDelegate.h; sourceTree = "<group>"; };
		19AEDE401AA4666A00AED60C /* EMChatManagerDelegate.h */ = {isa = PBXFileReference; fileEncoding = 4; lastKnownFileType = sourcecode.c.h; path = EMChatManagerDelegate.h; sourceTree = "<group>"; };
		19AEDE411AA4666A00AED60C /* EMChatManagerDelegateBase.h */ = {isa = PBXFileReference; fileEncoding = 4; lastKnownFileType = sourcecode.c.h; path = EMChatManagerDelegateBase.h; sourceTree = "<group>"; };
		19AEDE421AA4666A00AED60C /* EMChatManagerEncryptionDelegate.h */ = {isa = PBXFileReference; fileEncoding = 4; lastKnownFileType = sourcecode.c.h; path = EMChatManagerEncryptionDelegate.h; sourceTree = "<group>"; };
		19AEDE431AA4666A00AED60C /* EMChatManagerGroupDelegate.h */ = {isa = PBXFileReference; fileEncoding = 4; lastKnownFileType = sourcecode.c.h; path = EMChatManagerGroupDelegate.h; sourceTree = "<group>"; };
		19AEDE441AA4666A00AED60C /* EMChatManagerLoginDelegate.h */ = {isa = PBXFileReference; fileEncoding = 4; lastKnownFileType = sourcecode.c.h; path = EMChatManagerLoginDelegate.h; sourceTree = "<group>"; };
		19AEDE451AA4666A00AED60C /* EMChatManagerMediaDelegate.h */ = {isa = PBXFileReference; fileEncoding = 4; lastKnownFileType = sourcecode.c.h; path = EMChatManagerMediaDelegate.h; sourceTree = "<group>"; };
		19AEDE461AA4666A00AED60C /* EMChatManagerPushNotificationDelegate.h */ = {isa = PBXFileReference; fileEncoding = 4; lastKnownFileType = sourcecode.c.h; path = EMChatManagerPushNotificationDelegate.h; sourceTree = "<group>"; };
		19AEDE471AA4666A00AED60C /* EMChatManagerUtilDelegate.h */ = {isa = PBXFileReference; fileEncoding = 4; lastKnownFileType = sourcecode.c.h; path = EMChatManagerUtilDelegate.h; sourceTree = "<group>"; };
		19AEDE481AA4666A00AED60C /* IChatManager.h */ = {isa = PBXFileReference; fileEncoding = 4; lastKnownFileType = sourcecode.c.h; path = IChatManager.h; sourceTree = "<group>"; };
		19AEDE4A1AA4666A00AED60C /* IChatManagerBase.h */ = {isa = PBXFileReference; fileEncoding = 4; lastKnownFileType = sourcecode.c.h; path = IChatManagerBase.h; sourceTree = "<group>"; };
		19AEDE4B1AA4666A00AED60C /* IChatManagerBuddy.h */ = {isa = PBXFileReference; fileEncoding = 4; lastKnownFileType = sourcecode.c.h; path = IChatManagerBuddy.h; sourceTree = "<group>"; };
		19AEDE4C1AA4666A00AED60C /* IChatManagerChat.h */ = {isa = PBXFileReference; fileEncoding = 4; lastKnownFileType = sourcecode.c.h; path = IChatManagerChat.h; sourceTree = "<group>"; };
		19AEDE4D1AA4666A00AED60C /* IChatManagerConversation.h */ = {isa = PBXFileReference; fileEncoding = 4; lastKnownFileType = sourcecode.c.h; path = IChatManagerConversation.h; sourceTree = "<group>"; };
		19AEDE4E1AA4666A00AED60C /* IChatManagerEncryption.h */ = {isa = PBXFileReference; fileEncoding = 4; lastKnownFileType = sourcecode.c.h; path = IChatManagerEncryption.h; sourceTree = "<group>"; };
		19AEDE4F1AA4666A00AED60C /* IChatManagerGroup.h */ = {isa = PBXFileReference; fileEncoding = 4; lastKnownFileType = sourcecode.c.h; path = IChatManagerGroup.h; sourceTree = "<group>"; };
		19AEDE501AA4666A00AED60C /* IChatManagerLogin.h */ = {isa = PBXFileReference; fileEncoding = 4; lastKnownFileType = sourcecode.c.h; path = IChatManagerLogin.h; sourceTree = "<group>"; };
		19AEDE511AA4666A00AED60C /* IChatManagerMedia.h */ = {isa = PBXFileReference; fileEncoding = 4; lastKnownFileType = sourcecode.c.h; path = IChatManagerMedia.h; sourceTree = "<group>"; };
		19AEDE521AA4666A00AED60C /* IChatManagerPushNotification.h */ = {isa = PBXFileReference; fileEncoding = 4; lastKnownFileType = sourcecode.c.h; path = IChatManagerPushNotification.h; sourceTree = "<group>"; };
		19AEDE531AA4666A00AED60C /* IChatManagerSettingOptions.h */ = {isa = PBXFileReference; fileEncoding = 4; lastKnownFileType = sourcecode.c.h; path = IChatManagerSettingOptions.h; sourceTree = "<group>"; };
		19AEDE541AA4666A00AED60C /* IChatManagerUtil.h */ = {isa = PBXFileReference; fileEncoding = 4; lastKnownFileType = sourcecode.c.h; path = IChatManagerUtil.h; sourceTree = "<group>"; };
		19AEDE561AA4666A00AED60C /* EMAnonymousHelper.h */ = {isa = PBXFileReference; fileEncoding = 4; lastKnownFileType = sourcecode.c.h; path = EMAnonymousHelper.h; sourceTree = "<group>"; };
		19AEDE571AA4666A00AED60C /* EMBuddy.h */ = {isa = PBXFileReference; fileEncoding = 4; lastKnownFileType = sourcecode.c.h; path = EMBuddy.h; sourceTree = "<group>"; };
		19AEDE581AA4666A00AED60C /* EMBuddyGroup.h */ = {isa = PBXFileReference; fileEncoding = 4; lastKnownFileType = sourcecode.c.h; path = EMBuddyGroup.h; sourceTree = "<group>"; };
		19AEDE591AA4666A00AED60C /* EMChatCommand.h */ = {isa = PBXFileReference; fileEncoding = 4; lastKnownFileType = sourcecode.c.h; path = EMChatCommand.h; sourceTree = "<group>"; };
		19AEDE5A1AA4666A00AED60C /* EMChatFile.h */ = {isa = PBXFileReference; fileEncoding = 4; lastKnownFileType = sourcecode.c.h; path = EMChatFile.h; sourceTree = "<group>"; };
		19AEDE5B1AA4666A00AED60C /* EMChatImage.h */ = {isa = PBXFileReference; fileEncoding = 4; lastKnownFileType = sourcecode.c.h; path = EMChatImage.h; sourceTree = "<group>"; };
		19AEDE5C1AA4666A00AED60C /* EMChatLocation.h */ = {isa = PBXFileReference; fileEncoding = 4; lastKnownFileType = sourcecode.c.h; path = EMChatLocation.h; sourceTree = "<group>"; };
		19AEDE5D1AA4666A00AED60C /* EMChatServiceDefs.h */ = {isa = PBXFileReference; fileEncoding = 4; lastKnownFileType = sourcecode.c.h; path = EMChatServiceDefs.h; sourceTree = "<group>"; };
		19AEDE5E1AA4666A00AED60C /* EMChatText.h */ = {isa = PBXFileReference; fileEncoding = 4; lastKnownFileType = sourcecode.c.h; path = EMChatText.h; sourceTree = "<group>"; };
		19AEDE5F1AA4666A00AED60C /* EMChatVideo.h */ = {isa = PBXFileReference; fileEncoding = 4; lastKnownFileType = sourcecode.c.h; path = EMChatVideo.h; sourceTree = "<group>"; };
		19AEDE601AA4666A00AED60C /* EMChatVoice.h */ = {isa = PBXFileReference; fileEncoding = 4; lastKnownFileType = sourcecode.c.h; path = EMChatVoice.h; sourceTree = "<group>"; };
		19AEDE611AA4666A00AED60C /* EMCommandMessageBody.h */ = {isa = PBXFileReference; fileEncoding = 4; lastKnownFileType = sourcecode.c.h; path = EMCommandMessageBody.h; sourceTree = "<group>"; };
		19AEDE621AA4666A00AED60C /* EMConversation.h */ = {isa = PBXFileReference; fileEncoding = 4; lastKnownFileType = sourcecode.c.h; path = EMConversation.h; sourceTree = "<group>"; };
		19AEDE631AA4666A00AED60C /* EMConversationInternal.h */ = {isa = PBXFileReference; fileEncoding = 4; lastKnownFileType = sourcecode.c.h; path = EMConversationInternal.h; sourceTree = "<group>"; };
		19AEDE641AA4666A00AED60C /* EMFileMessageBody.h */ = {isa = PBXFileReference; fileEncoding = 4; lastKnownFileType = sourcecode.c.h; path = EMFileMessageBody.h; sourceTree = "<group>"; };
		19AEDE651AA4666A00AED60C /* EMGroup.h */ = {isa = PBXFileReference; fileEncoding = 4; lastKnownFileType = sourcecode.c.h; path = EMGroup.h; sourceTree = "<group>"; };
		19AEDE661AA4666A00AED60C /* EMGroupOccupant.h */ = {isa = PBXFileReference; fileEncoding = 4; lastKnownFileType = sourcecode.c.h; path = EMGroupOccupant.h; sourceTree = "<group>"; };
		19AEDE671AA4666A00AED60C /* EMGroupStyleSetting.h */ = {isa = PBXFileReference; fileEncoding = 4; lastKnownFileType = sourcecode.c.h; path = EMGroupStyleSetting.h; sourceTree = "<group>"; };
		19AEDE681AA4666A00AED60C /* EMImageMessageBody.h */ = {isa = PBXFileReference; fileEncoding = 4; lastKnownFileType = sourcecode.c.h; path = EMImageMessageBody.h; sourceTree = "<group>"; };
		19AEDE691AA4666A00AED60C /* EMLocationMessageBody.h */ = {isa = PBXFileReference; fileEncoding = 4; lastKnownFileType = sourcecode.c.h; path = EMLocationMessageBody.h; sourceTree = "<group>"; };
		19AEDE6A1AA4666A00AED60C /* EMMessage.h */ = {isa = PBXFileReference; fileEncoding = 4; lastKnownFileType = sourcecode.c.h; path = EMMessage.h; sourceTree = "<group>"; };
		19AEDE6B1AA4666A00AED60C /* EMMessageBodyInternal.h */ = {isa = PBXFileReference; fileEncoding = 4; lastKnownFileType = sourcecode.c.h; path = EMMessageBodyInternal.h; sourceTree = "<group>"; };
		19AEDE6C1AA4666A00AED60C /* EMPushNotificationOptions.h */ = {isa = PBXFileReference; fileEncoding = 4; lastKnownFileType = sourcecode.c.h; path = EMPushNotificationOptions.h; sourceTree = "<group>"; };
		19AEDE6D1AA4666A00AED60C /* EMReceipt.h */ = {isa = PBXFileReference; fileEncoding = 4; lastKnownFileType = sourcecode.c.h; path = EMReceipt.h; sourceTree = "<group>"; };
		19AEDE6E1AA4666A00AED60C /* EMReceiptBase.h */ = {isa = PBXFileReference; fileEncoding = 4; lastKnownFileType = sourcecode.c.h; path = EMReceiptBase.h; sourceTree = "<group>"; };
		19AEDE6F1AA4666A00AED60C /* EMTextMessageBody.h */ = {isa = PBXFileReference; fileEncoding = 4; lastKnownFileType = sourcecode.c.h; path = EMTextMessageBody.h; sourceTree = "<group>"; };
		19AEDE701AA4666A00AED60C /* EMVideoMessageBody.h */ = {isa = PBXFileReference; fileEncoding = 4; lastKnownFileType = sourcecode.c.h; path = EMVideoMessageBody.h; sourceTree = "<group>"; };
		19AEDE711AA4666A00AED60C /* EMVoiceMessageBody.h */ = {isa = PBXFileReference; fileEncoding = 4; lastKnownFileType = sourcecode.c.h; path = EMVoiceMessageBody.h; sourceTree = "<group>"; };
		19AEDE721AA4666A00AED60C /* IChatImageOptions.h */ = {isa = PBXFileReference; fileEncoding = 4; lastKnownFileType = sourcecode.c.h; path = IChatImageOptions.h; sourceTree = "<group>"; };
		19AEDE731AA4666A00AED60C /* IEMChatCryptor.h */ = {isa = PBXFileReference; fileEncoding = 4; lastKnownFileType = sourcecode.c.h; path = IEMChatCryptor.h; sourceTree = "<group>"; };
		19AEDE741AA4666A00AED60C /* IEMChatFile.h */ = {isa = PBXFileReference; fileEncoding = 4; lastKnownFileType = sourcecode.c.h; path = IEMChatFile.h; sourceTree = "<group>"; };
		19AEDE751AA4666A00AED60C /* IEMChatObject.h */ = {isa = PBXFileReference; fileEncoding = 4; lastKnownFileType = sourcecode.c.h; path = IEMChatObject.h; sourceTree = "<group>"; };
		19AEDE761AA4666A00AED60C /* IEMChatProgressDelegate.h */ = {isa = PBXFileReference; fileEncoding = 4; lastKnownFileType = sourcecode.c.h; path = IEMChatProgressDelegate.h; sourceTree = "<group>"; };
		19AEDE771AA4666A00AED60C /* IEMFileMessageBody.h */ = {isa = PBXFileReference; fileEncoding = 4; lastKnownFileType = sourcecode.c.h; path = IEMFileMessageBody.h; sourceTree = "<group>"; };
		19AEDE781AA4666A00AED60C /* IEMMessageBody.h */ = {isa = PBXFileReference; fileEncoding = 4; lastKnownFileType = sourcecode.c.h; path = IEMMessageBody.h; sourceTree = "<group>"; };
		19AEDE7A1AA4666A00AED60C /* EMSDKFull.h */ = {isa = PBXFileReference; fileEncoding = 4; lastKnownFileType = sourcecode.c.h; path = EMSDKFull.h; sourceTree = "<group>"; };
		19AEDE7B1AA4666A00AED60C /* EMSDKFullHeaders.h */ = {isa = PBXFileReference; fileEncoding = 4; lastKnownFileType = sourcecode.c.h; path = EMSDKFullHeaders.h; sourceTree = "<group>"; };
		19AEDE7D1AA4666A00AED60C /* EaseMob.h */ = {isa = PBXFileReference; fileEncoding = 4; lastKnownFileType = sourcecode.c.h; path = EaseMob.h; sourceTree = "<group>"; };
		19AEDE7E1AA4666A00AED60C /* EaseMobHeaders.h */ = {isa = PBXFileReference; fileEncoding = 4; lastKnownFileType = sourcecode.c.h; path = EaseMobHeaders.h; sourceTree = "<group>"; };
		19AEDE801AA4666A00AED60C /* commonDefs.h */ = {isa = PBXFileReference; fileEncoding = 4; lastKnownFileType = sourcecode.c.h; path = commonDefs.h; sourceTree = "<group>"; };
		19AEDE831AA4666A00AED60C /* IDeviceManagerDelegate.h */ = {isa = PBXFileReference; fileEncoding = 4; lastKnownFileType = sourcecode.c.h; path = IDeviceManagerDelegate.h; sourceTree = "<group>"; };
		19AEDE851AA4666A00AED60C /* EMDeviceManagerDelegate.h */ = {isa = PBXFileReference; fileEncoding = 4; lastKnownFileType = sourcecode.c.h; path = EMDeviceManagerDelegate.h; sourceTree = "<group>"; };
		19AEDE861AA4666A00AED60C /* EMDeviceManagerDelegateBase.h */ = {isa = PBXFileReference; fileEncoding = 4; lastKnownFileType = sourcecode.c.h; path = EMDeviceManagerDelegateBase.h; sourceTree = "<group>"; };
		19AEDE871AA4666A00AED60C /* EMDeviceManagerLocationDelegate.h */ = {isa = PBXFileReference; fileEncoding = 4; lastKnownFileType = sourcecode.c.h; path = EMDeviceManagerLocationDelegate.h; sourceTree = "<group>"; };
		19AEDE881AA4666A00AED60C /* EMDeviceManagerMediaDelegate.h */ = {isa = PBXFileReference; fileEncoding = 4; lastKnownFileType = sourcecode.c.h; path = EMDeviceManagerMediaDelegate.h; sourceTree = "<group>"; };
		19AEDE891AA4666A00AED60C /* EMDeviceManagerNetworkDelegate.h */ = {isa = PBXFileReference; fileEncoding = 4; lastKnownFileType = sourcecode.c.h; path = EMDeviceManagerNetworkDelegate.h; sourceTree = "<group>"; };
		19AEDE8A1AA4666A00AED60C /* EMDeviceManagerProximitySensorDelegate.h */ = {isa = PBXFileReference; fileEncoding = 4; lastKnownFileType = sourcecode.c.h; path = EMDeviceManagerProximitySensorDelegate.h; sourceTree = "<group>"; };
		19AEDE8B1AA4666A00AED60C /* EMDeviceManagerDefs.h */ = {isa = PBXFileReference; fileEncoding = 4; lastKnownFileType = sourcecode.c.h; path = EMDeviceManagerDefs.h; sourceTree = "<group>"; };
		19AEDE8C1AA4666A00AED60C /* IDeviceManager.h */ = {isa = PBXFileReference; fileEncoding = 4; lastKnownFileType = sourcecode.c.h; path = IDeviceManager.h; sourceTree = "<group>"; };
		19AEDE8E1AA4666A00AED60C /* IDeviceManagerBase.h */ = {isa = PBXFileReference; fileEncoding = 4; lastKnownFileType = sourcecode.c.h; path = IDeviceManagerBase.h; sourceTree = "<group>"; };
		19AEDE8F1AA4666A00AED60C /* IDeviceManagerCamera.h */ = {isa = PBXFileReference; fileEncoding = 4; lastKnownFileType = sourcecode.c.h; path = IDeviceManagerCamera.h; sourceTree = "<group>"; };
		19AEDE901AA4666A00AED60C /* IDeviceManagerDevice.h */ = {isa = PBXFileReference; fileEncoding = 4; lastKnownFileType = sourcecode.c.h; path = IDeviceManagerDevice.h; sourceTree = "<group>"; };
		19AEDE911AA4666A00AED60C /* IDeviceManagerLocation.h */ = {isa = PBXFileReference; fileEncoding = 4; lastKnownFileType = sourcecode.c.h; path = IDeviceManagerLocation.h; sourceTree = "<group>"; };
		19AEDE921AA4666A00AED60C /* IDeviceManagerMedia.h */ = {isa = PBXFileReference; fileEncoding = 4; lastKnownFileType = sourcecode.c.h; path = IDeviceManagerMedia.h; sourceTree = "<group>"; };
		19AEDE931AA4666A00AED60C /* IDeviceManagerProximitySensor.h */ = {isa = PBXFileReference; fileEncoding = 4; lastKnownFileType = sourcecode.c.h; path = IDeviceManagerProximitySensor.h; sourceTree = "<group>"; };
		19AEDE941AA4666A00AED60C /* EMNetworkMonitorDefs.h */ = {isa = PBXFileReference; fileEncoding = 4; lastKnownFileType = sourcecode.c.h; path = EMNetworkMonitorDefs.h; sourceTree = "<group>"; };
		19AEDE961AA4666A00AED60C /* EMError.h */ = {isa = PBXFileReference; fileEncoding = 4; lastKnownFileType = sourcecode.c.h; path = EMError.h; sourceTree = "<group>"; };
		19AEDE971AA4666A00AED60C /* EMErrorDefs.h */ = {isa = PBXFileReference; fileEncoding = 4; lastKnownFileType = sourcecode.c.h; path = EMErrorDefs.h; sourceTree = "<group>"; };
		19AEDE9A1AA4666A00AED60C /* EaseMob.bundle */ = {isa = PBXFileReference; lastKnownFileType = "wrapper.plug-in"; path = EaseMob.bundle; sourceTree = "<group>"; };
		74BE67A11A9F4AF7008F7C44 /* OrangePatient.app */ = {isa = PBXFileReference; explicitFileType = wrapper.application; includeInIndex = 0; path = OrangePatient.app; sourceTree = BUILT_PRODUCTS_DIR; };
		74BE67A51A9F4AF7008F7C44 /* Info.plist */ = {isa = PBXFileReference; lastKnownFileType = text.plist.xml; path = Info.plist; sourceTree = "<group>"; };
		74BE67A61A9F4AF7008F7C44 /* main.m */ = {isa = PBXFileReference; lastKnownFileType = sourcecode.c.objc; path = main.m; sourceTree = "<group>"; };
		74BE67A81A9F4AF7008F7C44 /* AppDelegate.h */ = {isa = PBXFileReference; lastKnownFileType = sourcecode.c.h; path = AppDelegate.h; sourceTree = "<group>"; };
		74BE67A91A9F4AF7008F7C44 /* AppDelegate.m */ = {isa = PBXFileReference; lastKnownFileType = sourcecode.c.objc; path = AppDelegate.m; sourceTree = "<group>"; };
		74BE67AB1A9F4AF7008F7C44 /* ViewController.h */ = {isa = PBXFileReference; lastKnownFileType = sourcecode.c.h; path = ViewController.h; sourceTree = "<group>"; };
		74BE67AC1A9F4AF7008F7C44 /* ViewController.m */ = {isa = PBXFileReference; lastKnownFileType = sourcecode.c.objc; path = ViewController.m; sourceTree = "<group>"; };
		74BE67AF1A9F4AF7008F7C44 /* Base */ = {isa = PBXFileReference; lastKnownFileType = file.storyboard; name = Base; path = Base.lproj/Main.storyboard; sourceTree = "<group>"; };
		74BE67B11A9F4AF7008F7C44 /* Images.xcassets */ = {isa = PBXFileReference; lastKnownFileType = folder.assetcatalog; path = Images.xcassets; sourceTree = "<group>"; };
		74BE67B41A9F4AF7008F7C44 /* Base */ = {isa = PBXFileReference; lastKnownFileType = file.xib; name = Base; path = Base.lproj/LaunchScreen.xib; sourceTree = "<group>"; };
		74BE67BA1A9F4AF7008F7C44 /* OrangePatientTests.xctest */ = {isa = PBXFileReference; explicitFileType = wrapper.cfbundle; includeInIndex = 0; path = OrangePatientTests.xctest; sourceTree = BUILT_PRODUCTS_DIR; };
		74BE67BF1A9F4AF7008F7C44 /* Info.plist */ = {isa = PBXFileReference; lastKnownFileType = text.plist.xml; path = Info.plist; sourceTree = "<group>"; };
		74BE67C01A9F4AF7008F7C44 /* OrangePatientTests.m */ = {isa = PBXFileReference; lastKnownFileType = sourcecode.c.objc; path = OrangePatientTests.m; sourceTree = "<group>"; };
/* End PBXFileReference section */

/* Begin PBXFrameworksBuildPhase section */
		74BE679E1A9F4AF7008F7C44 /* Frameworks */ = {
			isa = PBXFrameworksBuildPhase;
			buildActionMask = 2147483647;
			files = (
			);
			runOnlyForDeploymentPostprocessing = 0;
		};
		74BE67B71A9F4AF7008F7C44 /* Frameworks */ = {
			isa = PBXFrameworksBuildPhase;
			buildActionMask = 2147483647;
			files = (
			);
			runOnlyForDeploymentPostprocessing = 0;
		};
/* End PBXFrameworksBuildPhase section */

/* Begin PBXGroup section */
		19AEDE1D1AA4666A00AED60C /* FrameWork */ = {
			isa = PBXGroup;
			children = (
				19AEDE1E1AA4666A00AED60C /* EaseMobSDK */,
			);
			name = FrameWork;
			path = OrangePatient/FrameWork;
			sourceTree = "<group>";
		};
		19AEDE1E1AA4666A00AED60C /* EaseMobSDK */ = {
			isa = PBXGroup;
			children = (
				19AEDE1F1AA4666A00AED60C /* include */,
				19AEDE981AA4666A00AED60C /* lib */,
				19AEDE991AA4666A00AED60C /* resources */,
			);
			path = EaseMobSDK;
			sourceTree = "<group>";
		};
		19AEDE1F1AA4666A00AED60C /* include */ = {
			isa = PBXGroup;
			children = (
				19AEDE201AA4666A00AED60C /* CallService */,
				19AEDE391AA4666A00AED60C /* ChatService */,
				19AEDE791AA4666A00AED60C /* EaseMobClientSDK */,
				19AEDE7C1AA4666A00AED60C /* EaseMobClientSDKLite */,
				19AEDE7F1AA4666A00AED60C /* Utility */,
			);
			path = include;
			sourceTree = "<group>";
		};
		19AEDE201AA4666A00AED60C /* CallService */ = {
			isa = PBXGroup;
			children = (
				19AEDE211AA4666A00AED60C /* EMCallManager */,
			);
			path = CallService;
			sourceTree = "<group>";
		};
		19AEDE211AA4666A00AED60C /* EMCallManager */ = {
			isa = PBXGroup;
			children = (
				19AEDE221AA4666A00AED60C /* delegates */,
				19AEDE291AA4666A00AED60C /* ICallManager.h */,
				19AEDE2A1AA4666A00AED60C /* internal */,
				19AEDE311AA4666A00AED60C /* types */,
			);
			path = EMCallManager;
			sourceTree = "<group>";
		};
		19AEDE221AA4666A00AED60C /* delegates */ = {
			isa = PBXGroup;
			children = (
				19AEDE231AA4666A00AED60C /* ICallManagerDelegate.h */,
				19AEDE241AA4666A00AED60C /* internal */,
			);
			path = delegates;
			sourceTree = "<group>";
		};
		19AEDE241AA4666A00AED60C /* internal */ = {
			isa = PBXGroup;
			children = (
				19AEDE251AA4666A00AED60C /* EMCallManagerCallDelegate.h */,
				19AEDE261AA4666A00AED60C /* EMCallManagerDelegate.h */,
				19AEDE271AA4666A00AED60C /* EMCallManagerDelegateBase.h */,
				19AEDE281AA4666A00AED60C /* EMCallSessionDelegate.h */,
			);
			path = internal;
			sourceTree = "<group>";
		};
		19AEDE2A1AA4666A00AED60C /* internal */ = {
			isa = PBXGroup;
			children = (
				19AEDE2B1AA4666A00AED60C /* ICallManagerAddressbook.h */,
				19AEDE2C1AA4666A00AED60C /* ICallManagerBase.h */,
				19AEDE2D1AA4666A00AED60C /* ICallManagerCall.h */,
				19AEDE2E1AA4666A00AED60C /* ICallManagerHistory.h */,
				19AEDE2F1AA4666A00AED60C /* ICallManagerUtil.h */,
				19AEDE301AA4666A00AED60C /* ICallSessionStatistics.h */,
			);
			path = internal;
			sourceTree = "<group>";
		};
		19AEDE311AA4666A00AED60C /* types */ = {
			isa = PBXGroup;
			children = (
				19AEDE321AA4666A00AED60C /* EMCallInfo.h */,
				19AEDE331AA4666A00AED60C /* EMCallLog.h */,
				19AEDE341AA4666A00AED60C /* EMCallPeer.h */,
				19AEDE351AA4666A00AED60C /* EMCallServiceDefs.h */,
				19AEDE361AA4666A00AED60C /* EMCallSession.h */,
				19AEDE371AA4666A00AED60C /* EMCallSessionStatistics.h */,
				19AEDE381AA4666A00AED60C /* IAddressbook.h */,
			);
			path = types;
			sourceTree = "<group>";
		};
		19AEDE391AA4666A00AED60C /* ChatService */ = {
			isa = PBXGroup;
			children = (
				19AEDE3A1AA4666A00AED60C /* EMChatManager */,
			);
			path = ChatService;
			sourceTree = "<group>";
		};
		19AEDE3A1AA4666A00AED60C /* EMChatManager */ = {
			isa = PBXGroup;
			children = (
				19AEDE3B1AA4666A00AED60C /* delegates */,
				19AEDE481AA4666A00AED60C /* IChatManager.h */,
				19AEDE491AA4666A00AED60C /* internal */,
				19AEDE551AA4666A00AED60C /* types */,
			);
			path = EMChatManager;
			sourceTree = "<group>";
		};
		19AEDE3B1AA4666A00AED60C /* delegates */ = {
			isa = PBXGroup;
			children = (
				19AEDE3C1AA4666A00AED60C /* IChatManagerDelegate.h */,
				19AEDE3D1AA4666A00AED60C /* internal */,
			);
			path = delegates;
			sourceTree = "<group>";
		};
		19AEDE3D1AA4666A00AED60C /* internal */ = {
			isa = PBXGroup;
			children = (
				19AEDE3E1AA4666A00AED60C /* EMChatManagerBuddyDelegate.h */,
				19AEDE3F1AA4666A00AED60C /* EMChatManagerChatDelegate.h */,
				19AEDE401AA4666A00AED60C /* EMChatManagerDelegate.h */,
				19AEDE411AA4666A00AED60C /* EMChatManagerDelegateBase.h */,
				19AEDE421AA4666A00AED60C /* EMChatManagerEncryptionDelegate.h */,
				19AEDE431AA4666A00AED60C /* EMChatManagerGroupDelegate.h */,
				19AEDE441AA4666A00AED60C /* EMChatManagerLoginDelegate.h */,
				19AEDE451AA4666A00AED60C /* EMChatManagerMediaDelegate.h */,
				19AEDE461AA4666A00AED60C /* EMChatManagerPushNotificationDelegate.h */,
				19AEDE471AA4666A00AED60C /* EMChatManagerUtilDelegate.h */,
			);
			path = internal;
			sourceTree = "<group>";
		};
		19AEDE491AA4666A00AED60C /* internal */ = {
			isa = PBXGroup;
			children = (
				19AEDE4A1AA4666A00AED60C /* IChatManagerBase.h */,
				19AEDE4B1AA4666A00AED60C /* IChatManagerBuddy.h */,
				19AEDE4C1AA4666A00AED60C /* IChatManagerChat.h */,
				19AEDE4D1AA4666A00AED60C /* IChatManagerConversation.h */,
				19AEDE4E1AA4666A00AED60C /* IChatManagerEncryption.h */,
				19AEDE4F1AA4666A00AED60C /* IChatManagerGroup.h */,
				19AEDE501AA4666A00AED60C /* IChatManagerLogin.h */,
				19AEDE511AA4666A00AED60C /* IChatManagerMedia.h */,
				19AEDE521AA4666A00AED60C /* IChatManagerPushNotification.h */,
				19AEDE531AA4666A00AED60C /* IChatManagerSettingOptions.h */,
				19AEDE541AA4666A00AED60C /* IChatManagerUtil.h */,
			);
			path = internal;
			sourceTree = "<group>";
		};
		19AEDE551AA4666A00AED60C /* types */ = {
			isa = PBXGroup;
			children = (
				19AEDE561AA4666A00AED60C /* EMAnonymousHelper.h */,
				19AEDE571AA4666A00AED60C /* EMBuddy.h */,
				19AEDE581AA4666A00AED60C /* EMBuddyGroup.h */,
				19AEDE591AA4666A00AED60C /* EMChatCommand.h */,
				19AEDE5A1AA4666A00AED60C /* EMChatFile.h */,
				19AEDE5B1AA4666A00AED60C /* EMChatImage.h */,
				19AEDE5C1AA4666A00AED60C /* EMChatLocation.h */,
				19AEDE5D1AA4666A00AED60C /* EMChatServiceDefs.h */,
				19AEDE5E1AA4666A00AED60C /* EMChatText.h */,
				19AEDE5F1AA4666A00AED60C /* EMChatVideo.h */,
				19AEDE601AA4666A00AED60C /* EMChatVoice.h */,
				19AEDE611AA4666A00AED60C /* EMCommandMessageBody.h */,
				19AEDE621AA4666A00AED60C /* EMConversation.h */,
				19AEDE631AA4666A00AED60C /* EMConversationInternal.h */,
				19AEDE641AA4666A00AED60C /* EMFileMessageBody.h */,
				19AEDE651AA4666A00AED60C /* EMGroup.h */,
				19AEDE661AA4666A00AED60C /* EMGroupOccupant.h */,
				19AEDE671AA4666A00AED60C /* EMGroupStyleSetting.h */,
				19AEDE681AA4666A00AED60C /* EMImageMessageBody.h */,
				19AEDE691AA4666A00AED60C /* EMLocationMessageBody.h */,
				19AEDE6A1AA4666A00AED60C /* EMMessage.h */,
				19AEDE6B1AA4666A00AED60C /* EMMessageBodyInternal.h */,
				19AEDE6C1AA4666A00AED60C /* EMPushNotificationOptions.h */,
				19AEDE6D1AA4666A00AED60C /* EMReceipt.h */,
				19AEDE6E1AA4666A00AED60C /* EMReceiptBase.h */,
				19AEDE6F1AA4666A00AED60C /* EMTextMessageBody.h */,
				19AEDE701AA4666A00AED60C /* EMVideoMessageBody.h */,
				19AEDE711AA4666A00AED60C /* EMVoiceMessageBody.h */,
				19AEDE721AA4666A00AED60C /* IChatImageOptions.h */,
				19AEDE731AA4666A00AED60C /* IEMChatCryptor.h */,
				19AEDE741AA4666A00AED60C /* IEMChatFile.h */,
				19AEDE751AA4666A00AED60C /* IEMChatObject.h */,
				19AEDE761AA4666A00AED60C /* IEMChatProgressDelegate.h */,
				19AEDE771AA4666A00AED60C /* IEMFileMessageBody.h */,
				19AEDE781AA4666A00AED60C /* IEMMessageBody.h */,
			);
			path = types;
			sourceTree = "<group>";
		};
		19AEDE791AA4666A00AED60C /* EaseMobClientSDK */ = {
			isa = PBXGroup;
			children = (
				19AEDE7A1AA4666A00AED60C /* EMSDKFull.h */,
				19AEDE7B1AA4666A00AED60C /* EMSDKFullHeaders.h */,
			);
			path = EaseMobClientSDK;
			sourceTree = "<group>";
		};
		19AEDE7C1AA4666A00AED60C /* EaseMobClientSDKLite */ = {
			isa = PBXGroup;
			children = (
				19AEDE7D1AA4666A00AED60C /* EaseMob.h */,
				19AEDE7E1AA4666A00AED60C /* EaseMobHeaders.h */,
			);
			path = EaseMobClientSDKLite;
			sourceTree = "<group>";
		};
		19AEDE7F1AA4666A00AED60C /* Utility */ = {
			isa = PBXGroup;
			children = (
				19AEDE801AA4666A00AED60C /* commonDefs.h */,
				19AEDE811AA4666A00AED60C /* EMDeviceManager */,
				19AEDE941AA4666A00AED60C /* EMNetworkMonitorDefs.h */,
				19AEDE951AA4666A00AED60C /* ErrorManager */,
			);
			path = Utility;
			sourceTree = "<group>";
		};
		19AEDE811AA4666A00AED60C /* EMDeviceManager */ = {
			isa = PBXGroup;
			children = (
				19AEDE821AA4666A00AED60C /* delegates */,
				19AEDE8B1AA4666A00AED60C /* EMDeviceManagerDefs.h */,
				19AEDE8C1AA4666A00AED60C /* IDeviceManager.h */,
				19AEDE8D1AA4666A00AED60C /* internal */,
			);
			path = EMDeviceManager;
			sourceTree = "<group>";
		};
		19AEDE821AA4666A00AED60C /* delegates */ = {
			isa = PBXGroup;
			children = (
				19AEDE831AA4666A00AED60C /* IDeviceManagerDelegate.h */,
				19AEDE841AA4666A00AED60C /* internal */,
			);
			path = delegates;
			sourceTree = "<group>";
		};
		19AEDE841AA4666A00AED60C /* internal */ = {
			isa = PBXGroup;
			children = (
				19AEDE851AA4666A00AED60C /* EMDeviceManagerDelegate.h */,
				19AEDE861AA4666A00AED60C /* EMDeviceManagerDelegateBase.h */,
				19AEDE871AA4666A00AED60C /* EMDeviceManagerLocationDelegate.h */,
				19AEDE881AA4666A00AED60C /* EMDeviceManagerMediaDelegate.h */,
				19AEDE891AA4666A00AED60C /* EMDeviceManagerNetworkDelegate.h */,
				19AEDE8A1AA4666A00AED60C /* EMDeviceManagerProximitySensorDelegate.h */,
			);
			path = internal;
			sourceTree = "<group>";
		};
		19AEDE8D1AA4666A00AED60C /* internal */ = {
			isa = PBXGroup;
			children = (
				19AEDE8E1AA4666A00AED60C /* IDeviceManagerBase.h */,
				19AEDE8F1AA4666A00AED60C /* IDeviceManagerCamera.h */,
				19AEDE901AA4666A00AED60C /* IDeviceManagerDevice.h */,
				19AEDE911AA4666A00AED60C /* IDeviceManagerLocation.h */,
				19AEDE921AA4666A00AED60C /* IDeviceManagerMedia.h */,
				19AEDE931AA4666A00AED60C /* IDeviceManagerProximitySensor.h */,
			);
			path = internal;
			sourceTree = "<group>";
		};
		19AEDE951AA4666A00AED60C /* ErrorManager */ = {
			isa = PBXGroup;
			children = (
				19AEDE961AA4666A00AED60C /* EMError.h */,
				19AEDE971AA4666A00AED60C /* EMErrorDefs.h */,
			);
			path = ErrorManager;
			sourceTree = "<group>";
		};
		19AEDE981AA4666A00AED60C /* lib */ = {
			isa = PBXGroup;
			children = (
			);
			path = lib;
			sourceTree = "<group>";
		};
		19AEDE991AA4666A00AED60C /* resources */ = {
			isa = PBXGroup;
			children = (
				19AEDE9A1AA4666A00AED60C /* EaseMob.bundle */,
			);
			path = resources;
			sourceTree = "<group>";
		};
		74BE67981A9F4AF7008F7C44 = {
			isa = PBXGroup;
			children = (
				19AEDE1D1AA4666A00AED60C /* FrameWork */,
				74BE67A31A9F4AF7008F7C44 /* OrangePatient */,
				74BE67BD1A9F4AF7008F7C44 /* OrangePatientTests */,
				74BE67A21A9F4AF7008F7C44 /* Products */,
			);
			sourceTree = "<group>";
		};
		74BE67A21A9F4AF7008F7C44 /* Products */ = {
			isa = PBXGroup;
			children = (
				74BE67A11A9F4AF7008F7C44 /* OrangePatient.app */,
				74BE67BA1A9F4AF7008F7C44 /* OrangePatientTests.xctest */,
			);
			name = Products;
			sourceTree = "<group>";
		};
		74BE67A31A9F4AF7008F7C44 /* OrangePatient */ = {
			isa = PBXGroup;
			children = (
				74BE67A81A9F4AF7008F7C44 /* AppDelegate.h */,
				74BE67A91A9F4AF7008F7C44 /* AppDelegate.m */,
				74BE67AB1A9F4AF7008F7C44 /* ViewController.h */,
				74BE67AC1A9F4AF7008F7C44 /* ViewController.m */,
				74BE67AE1A9F4AF7008F7C44 /* Main.storyboard */,
				74BE67B11A9F4AF7008F7C44 /* Images.xcassets */,
				74BE67B31A9F4AF7008F7C44 /* LaunchScreen.xib */,
				74BE67A41A9F4AF7008F7C44 /* Supporting Files */,
			);
			path = OrangePatient;
			sourceTree = "<group>";
		};
		74BE67A41A9F4AF7008F7C44 /* Supporting Files */ = {
			isa = PBXGroup;
			children = (
				74BE67A51A9F4AF7008F7C44 /* Info.plist */,
				74BE67A61A9F4AF7008F7C44 /* main.m */,
			);
			name = "Supporting Files";
			sourceTree = "<group>";
		};
		74BE67BD1A9F4AF7008F7C44 /* OrangePatientTests */ = {
			isa = PBXGroup;
			children = (
				74BE67C01A9F4AF7008F7C44 /* OrangePatientTests.m */,
				74BE67BE1A9F4AF7008F7C44 /* Supporting Files */,
			);
			path = OrangePatientTests;
			sourceTree = "<group>";
		};
		74BE67BE1A9F4AF7008F7C44 /* Supporting Files */ = {
			isa = PBXGroup;
			children = (
				74BE67BF1A9F4AF7008F7C44 /* Info.plist */,
			);
			name = "Supporting Files";
			sourceTree = "<group>";
		};
/* End PBXGroup section */

/* Begin PBXNativeTarget section */
		74BE67A01A9F4AF7008F7C44 /* OrangePatient */ = {
			isa = PBXNativeTarget;
			buildConfigurationList = 74BE67C41A9F4AF7008F7C44 /* Build configuration list for PBXNativeTarget "OrangePatient" */;
			buildPhases = (
				74BE679D1A9F4AF7008F7C44 /* Sources */,
				74BE679E1A9F4AF7008F7C44 /* Frameworks */,
				74BE679F1A9F4AF7008F7C44 /* Resources */,
			);
			buildRules = (
			);
			dependencies = (
			);
			name = OrangePatient;
			productName = OrangePatient;
			productReference = 74BE67A11A9F4AF7008F7C44 /* OrangePatient.app */;
			productType = "com.apple.product-type.application";
		};
		74BE67B91A9F4AF7008F7C44 /* OrangePatientTests */ = {
			isa = PBXNativeTarget;
			buildConfigurationList = 74BE67C71A9F4AF7008F7C44 /* Build configuration list for PBXNativeTarget "OrangePatientTests" */;
			buildPhases = (
				74BE67B61A9F4AF7008F7C44 /* Sources */,
				74BE67B71A9F4AF7008F7C44 /* Frameworks */,
				74BE67B81A9F4AF7008F7C44 /* Resources */,
			);
			buildRules = (
			);
			dependencies = (
				74BE67BC1A9F4AF7008F7C44 /* PBXTargetDependency */,
			);
			name = OrangePatientTests;
			productName = OrangePatientTests;
			productReference = 74BE67BA1A9F4AF7008F7C44 /* OrangePatientTests.xctest */;
			productType = "com.apple.product-type.bundle.unit-test";
		};
/* End PBXNativeTarget section */

/* Begin PBXProject section */
		74BE67991A9F4AF7008F7C44 /* Project object */ = {
			isa = PBXProject;
			attributes = {
				LastUpgradeCheck = 0610;
				ORGANIZATIONNAME = Orange;
				TargetAttributes = {
					74BE67A01A9F4AF7008F7C44 = {
						CreatedOnToolsVersion = 6.1.1;
					};
					74BE67B91A9F4AF7008F7C44 = {
						CreatedOnToolsVersion = 6.1.1;
						TestTargetID = 74BE67A01A9F4AF7008F7C44;
					};
				};
			};
			buildConfigurationList = 74BE679C1A9F4AF7008F7C44 /* Build configuration list for PBXProject "OrangePatient" */;
			compatibilityVersion = "Xcode 3.2";
			developmentRegion = English;
			hasScannedForEncodings = 0;
			knownRegions = (
				en,
				Base,
			);
			mainGroup = 74BE67981A9F4AF7008F7C44;
			productRefGroup = 74BE67A21A9F4AF7008F7C44 /* Products */;
			projectDirPath = "";
			projectRoot = "";
			targets = (
				74BE67A01A9F4AF7008F7C44 /* OrangePatient */,
				74BE67B91A9F4AF7008F7C44 /* OrangePatientTests */,
			);
		};
/* End PBXProject section */

/* Begin PBXResourcesBuildPhase section */
		74BE679F1A9F4AF7008F7C44 /* Resources */ = {
			isa = PBXResourcesBuildPhase;
			buildActionMask = 2147483647;
			files = (
				74BE67B01A9F4AF7008F7C44 /* Main.storyboard in Resources */,
				74BE67B51A9F4AF7008F7C44 /* LaunchScreen.xib in Resources */,
				19AEDE9B1AA4666A00AED60C /* EaseMob.bundle in Resources */,
				74BE67B21A9F4AF7008F7C44 /* Images.xcassets in Resources */,
			);
			runOnlyForDeploymentPostprocessing = 0;
		};
		74BE67B81A9F4AF7008F7C44 /* Resources */ = {
			isa = PBXResourcesBuildPhase;
			buildActionMask = 2147483647;
			files = (
			);
			runOnlyForDeploymentPostprocessing = 0;
		};
/* End PBXResourcesBuildPhase section */

/* Begin PBXSourcesBuildPhase section */
		74BE679D1A9F4AF7008F7C44 /* Sources */ = {
			isa = PBXSourcesBuildPhase;
			buildActionMask = 2147483647;
			files = (
				74BE67AD1A9F4AF7008F7C44 /* ViewController.m in Sources */,
				74BE67AA1A9F4AF7008F7C44 /* AppDelegate.m in Sources */,
				74BE67A71A9F4AF7008F7C44 /* main.m in Sources */,
			);
			runOnlyForDeploymentPostprocessing = 0;
		};
		74BE67B61A9F4AF7008F7C44 /* Sources */ = {
			isa = PBXSourcesBuildPhase;
			buildActionMask = 2147483647;
			files = (
				74BE67C11A9F4AF7008F7C44 /* OrangePatientTests.m in Sources */,
			);
			runOnlyForDeploymentPostprocessing = 0;
		};
/* End PBXSourcesBuildPhase section */

/* Begin PBXTargetDependency section */
		74BE67BC1A9F4AF7008F7C44 /* PBXTargetDependency */ = {
			isa = PBXTargetDependency;
			target = 74BE67A01A9F4AF7008F7C44 /* OrangePatient */;
			targetProxy = 74BE67BB1A9F4AF7008F7C44 /* PBXContainerItemProxy */;
		};
/* End PBXTargetDependency section */

/* Begin PBXVariantGroup section */
		74BE67AE1A9F4AF7008F7C44 /* Main.storyboard */ = {
			isa = PBXVariantGroup;
			children = (
				74BE67AF1A9F4AF7008F7C44 /* Base */,
			);
			name = Main.storyboard;
			sourceTree = "<group>";
		};
		74BE67B31A9F4AF7008F7C44 /* LaunchScreen.xib */ = {
			isa = PBXVariantGroup;
			children = (
				74BE67B41A9F4AF7008F7C44 /* Base */,
			);
			name = LaunchScreen.xib;
			sourceTree = "<group>";
		};
/* End PBXVariantGroup section */

/* Begin XCBuildConfiguration section */
		74BE67C21A9F4AF7008F7C44 /* Debug */ = {
			isa = XCBuildConfiguration;
			buildSettings = {
				ALWAYS_SEARCH_USER_PATHS = NO;
				CLANG_CXX_LANGUAGE_STANDARD = "gnu++0x";
				CLANG_CXX_LIBRARY = "libc++";
				CLANG_ENABLE_MODULES = YES;
				CLANG_ENABLE_OBJC_ARC = YES;
				CLANG_WARN_BOOL_CONVERSION = YES;
				CLANG_WARN_CONSTANT_CONVERSION = YES;
				CLANG_WARN_DIRECT_OBJC_ISA_USAGE = YES_ERROR;
				CLANG_WARN_EMPTY_BODY = YES;
				CLANG_WARN_ENUM_CONVERSION = YES;
				CLANG_WARN_INT_CONVERSION = YES;
				CLANG_WARN_OBJC_ROOT_CLASS = YES_ERROR;
				CLANG_WARN_UNREACHABLE_CODE = YES;
				CLANG_WARN__DUPLICATE_METHOD_MATCH = YES;
				"CODE_SIGN_IDENTITY[sdk=iphoneos*]" = "iPhone Developer";
				COPY_PHASE_STRIP = NO;
				ENABLE_STRICT_OBJC_MSGSEND = YES;
				GCC_C_LANGUAGE_STANDARD = gnu99;
				GCC_DYNAMIC_NO_PIC = NO;
				GCC_OPTIMIZATION_LEVEL = 0;
				GCC_PREPROCESSOR_DEFINITIONS = (
					"DEBUG=1",
					"$(inherited)",
				);
				GCC_SYMBOLS_PRIVATE_EXTERN = NO;
				GCC_WARN_64_TO_32_BIT_CONVERSION = YES;
				GCC_WARN_ABOUT_RETURN_TYPE = YES_ERROR;
				GCC_WARN_UNDECLARED_SELECTOR = YES;
				GCC_WARN_UNINITIALIZED_AUTOS = YES_AGGRESSIVE;
				GCC_WARN_UNUSED_FUNCTION = YES;
				GCC_WARN_UNUSED_VARIABLE = YES;
				IPHONEOS_DEPLOYMENT_TARGET = 8.1;
				MTL_ENABLE_DEBUG_INFO = YES;
				ONLY_ACTIVE_ARCH = YES;
				SDKROOT = iphoneos;
			};
			name = Debug;
		};
		74BE67C31A9F4AF7008F7C44 /* Release */ = {
			isa = XCBuildConfiguration;
			buildSettings = {
				ALWAYS_SEARCH_USER_PATHS = NO;
				CLANG_CXX_LANGUAGE_STANDARD = "gnu++0x";
				CLANG_CXX_LIBRARY = "libc++";
				CLANG_ENABLE_MODULES = YES;
				CLANG_ENABLE_OBJC_ARC = YES;
				CLANG_WARN_BOOL_CONVERSION = YES;
				CLANG_WARN_CONSTANT_CONVERSION = YES;
				CLANG_WARN_DIRECT_OBJC_ISA_USAGE = YES_ERROR;
				CLANG_WARN_EMPTY_BODY = YES;
				CLANG_WARN_ENUM_CONVERSION = YES;
				CLANG_WARN_INT_CONVERSION = YES;
				CLANG_WARN_OBJC_ROOT_CLASS = YES_ERROR;
				CLANG_WARN_UNREACHABLE_CODE = YES;
				CLANG_WARN__DUPLICATE_METHOD_MATCH = YES;
				"CODE_SIGN_IDENTITY[sdk=iphoneos*]" = "iPhone Developer";
				COPY_PHASE_STRIP = YES;
				ENABLE_NS_ASSERTIONS = NO;
				ENABLE_STRICT_OBJC_MSGSEND = YES;
				GCC_C_LANGUAGE_STANDARD = gnu99;
				GCC_WARN_64_TO_32_BIT_CONVERSION = YES;
				GCC_WARN_ABOUT_RETURN_TYPE = YES_ERROR;
				GCC_WARN_UNDECLARED_SELECTOR = YES;
				GCC_WARN_UNINITIALIZED_AUTOS = YES_AGGRESSIVE;
				GCC_WARN_UNUSED_FUNCTION = YES;
				GCC_WARN_UNUSED_VARIABLE = YES;
				IPHONEOS_DEPLOYMENT_TARGET = 8.1;
				MTL_ENABLE_DEBUG_INFO = NO;
				SDKROOT = iphoneos;
				VALIDATE_PRODUCT = YES;
			};
			name = Release;
		};
		74BE67C51A9F4AF7008F7C44 /* Debug */ = {
			isa = XCBuildConfiguration;
			buildSettings = {
				ASSETCATALOG_COMPILER_APPICON_NAME = AppIcon;
				INFOPLIST_FILE = OrangePatient/Info.plist;
				LD_RUNPATH_SEARCH_PATHS = "$(inherited) @executable_path/Frameworks";
				PRODUCT_NAME = "$(TARGET_NAME)";
			};
			name = Debug;
		};
		74BE67C61A9F4AF7008F7C44 /* Release */ = {
			isa = XCBuildConfiguration;
			buildSettings = {
				ASSETCATALOG_COMPILER_APPICON_NAME = AppIcon;
				INFOPLIST_FILE = OrangePatient/Info.plist;
				LD_RUNPATH_SEARCH_PATHS = "$(inherited) @executable_path/Frameworks";
				PRODUCT_NAME = "$(TARGET_NAME)";
			};
			name = Release;
		};
		74BE67C81A9F4AF7008F7C44 /* Debug */ = {
			isa = XCBuildConfiguration;
			buildSettings = {
				BUNDLE_LOADER = "$(TEST_HOST)";
				FRAMEWORK_SEARCH_PATHS = (
					"$(SDKROOT)/Developer/Library/Frameworks",
					"$(inherited)",
				);
				GCC_PREPROCESSOR_DEFINITIONS = (
					"DEBUG=1",
					"$(inherited)",
				);
				INFOPLIST_FILE = OrangePatientTests/Info.plist;
				LD_RUNPATH_SEARCH_PATHS = "$(inherited) @executable_path/Frameworks @loader_path/Frameworks";
				PRODUCT_NAME = "$(TARGET_NAME)";
				TEST_HOST = "$(BUILT_PRODUCTS_DIR)/OrangePatient.app/OrangePatient";
			};
			name = Debug;
		};
		74BE67C91A9F4AF7008F7C44 /* Release */ = {
			isa = XCBuildConfiguration;
			buildSettings = {
				BUNDLE_LOADER = "$(TEST_HOST)";
				FRAMEWORK_SEARCH_PATHS = (
					"$(SDKROOT)/Developer/Library/Frameworks",
					"$(inherited)",
				);
				INFOPLIST_FILE = OrangePatientTests/Info.plist;
				LD_RUNPATH_SEARCH_PATHS = "$(inherited) @executable_path/Frameworks @loader_path/Frameworks";
				PRODUCT_NAME = "$(TARGET_NAME)";
				TEST_HOST = "$(BUILT_PRODUCTS_DIR)/OrangePatient.app/OrangePatient";
			};
			name = Release;
		};
/* End XCBuildConfiguration section */

/* Begin XCConfigurationList section */
		74BE679C1A9F4AF7008F7C44 /* Build configuration list for PBXProject "OrangePatient" */ = {
			isa = XCConfigurationList;
			buildConfigurations = (
				74BE67C21A9F4AF7008F7C44 /* Debug */,
				74BE67C31A9F4AF7008F7C44 /* Release */,
			);
			defaultConfigurationIsVisible = 0;
			defaultConfigurationName = Release;
		};
		74BE67C41A9F4AF7008F7C44 /* Build configuration list for PBXNativeTarget "OrangePatient" */ = {
			isa = XCConfigurationList;
			buildConfigurations = (
				74BE67C51A9F4AF7008F7C44 /* Debug */,
				74BE67C61A9F4AF7008F7C44 /* Release */,
			);
			defaultConfigurationIsVisible = 0;
			defaultConfigurationName = Release;
		};
		74BE67C71A9F4AF7008F7C44 /* Build configuration list for PBXNativeTarget "OrangePatientTests" */ = {
			isa = XCConfigurationList;
			buildConfigurations = (
				74BE67C81A9F4AF7008F7C44 /* Debug */,
				74BE67C91A9F4AF7008F7C44 /* Release */,
			);
			defaultConfigurationIsVisible = 0;
			defaultConfigurationName = Release;
		};
/* End XCConfigurationList section */
	};
	rootObject = 74BE67991A9F4AF7008F7C44 /* Project object */;
}
